
Microsoft Visual Studio Solution File, Format Version 12.00
# Visual Studio Version 17
VisualStudioVersion = 17.7.34018.315
MinimumVisualStudioVersion = 10.0.40219.1
Project("{FAE04EC0-301F-11D3-BF4B-00C04F79EFBC}") = "QuizAPI", "QuizzAPI\QuizAPI.csproj", "{23ADCF21-0D2E-474D-9418-D68B25B4AFBC}"
EndProject
Global
	GlobalSection(SolutionConfigurationPlatforms) = preSolution
		Debug|Any CPU = Debug|Any CPU
		Release|Any CPU = Release|Any CPU
	EndGlobalSection
	GlobalSection(ProjectConfigurationPlatforms) = postSolution
		{23ADCF21-0D2E-474D-9418-D68B25B4AFBC}.Debug|Any CPU.ActiveCfg = Debug|Any CPU
		{23ADCF21-0D2E-474D-9418-D68B25B4AFBC}.Debug|Any CPU.Build.0 = Debug|Any CPU
		{23ADCF21-0D2E-474D-9418-D68B25B4AFBC}.Release|Any CPU.ActiveCfg = Release|Any CPU
		{23ADCF21-0D2E-474D-9418-D68B25B4AFBC}.Release|Any CPU.Build.0 = Release|Any CPU
	EndGlobalSection
	GlobalSection(SolutionProperties) = preSolution
		HideSolutionNode = FALSE
	EndGlobalSection
	GlobalSection(ExtensibilityGlobals) = postSolution
		SolutionGuid = {276FAD11-F727-46BF-B6FF-2B5F8DF77F9C}
	EndGlobalSection
EndGlobal
